// !$*UTF8*$!
{
	archiveVersion = 1;
	classes = {
	};
	objectVersion = 48;
	objects = {

/* Begin PBXBuildFile section */
		8D0A9AC51F2DE18400E4F62C /* AppDelegate.swift in Sources */ = {isa = PBXBuildFile; fileRef = 8D0A9AC41F2DE18400E4F62C /* AppDelegate.swift */; };
		8D0A9AC71F2DE18400E4F62C /* ViewController.swift in Sources */ = {isa = PBXBuildFile; fileRef = 8D0A9AC61F2DE18400E4F62C /* ViewController.swift */; };
		8D0A9ACA1F2DE18400E4F62C /* Main.storyboard in Resources */ = {isa = PBXBuildFile; fileRef = 8D0A9AC81F2DE18400E4F62C /* Main.storyboard */; };
		8D0A9ACC1F2DE18400E4F62C /* Assets.xcassets in Resources */ = {isa = PBXBuildFile; fileRef = 8D0A9ACB1F2DE18400E4F62C /* Assets.xcassets */; };
		8D0A9ACF1F2DE18400E4F62C /* LaunchScreen.storyboard in Resources */ = {isa = PBXBuildFile; fileRef = 8D0A9ACD1F2DE18400E4F62C /* LaunchScreen.storyboard */; };
		8D0A9ADA1F2DE18400E4F62C /* CoreMLTestTests.swift in Sources */ = {isa = PBXBuildFile; fileRef = 8D0A9AD91F2DE18400E4F62C /* CoreMLTestTests.swift */; };
		8D11F4051F3E014E00A2574D /* CameraController.swift in Sources */ = {isa = PBXBuildFile; fileRef = 8D11F4031F3E013900A2574D /* CameraController.swift */; };
		8D20A4651F42E59B00A3ED07 /* CalibrateViewController.swift in Sources */ = {isa = PBXBuildFile; fileRef = 8D20A4641F42E59B00A3ED07 /* CalibrateViewController.swift */; };
		8D20A4661F42E59B00A3ED07 /* CalibrateViewController.swift in Sources */ = {isa = PBXBuildFile; fileRef = 8D20A4641F42E59B00A3ED07 /* CalibrateViewController.swift */; };
		8D28FAB71F61212D00B8818C /* Itracker.mlmodel in Sources */ = {isa = PBXBuildFile; fileRef = 8D28FAB61F61212D00B8818C /* Itracker.mlmodel */; };
		8D37EF461F3CEB5700F49B3A /* TestLoadMeanFile.swift in Sources */ = {isa = PBXBuildFile; fileRef = 8D37EF451F3CEB5700F49B3A /* TestLoadMeanFile.swift */; };
		8D37EF471F3CEC4F00F49B3A /* rightmean.txt in Resources */ = {isa = PBXBuildFile; fileRef = 8D2DC0261F3C6E96009EDDD0 /* rightmean.txt */; };
		8D37EF481F3CEC4F00F49B3A /* rightmean.txt in Resources */ = {isa = PBXBuildFile; fileRef = 8D2DC0261F3C6E96009EDDD0 /* rightmean.txt */; };
		8D37EF491F3CEC5300F49B3A /* leftmean.txt in Resources */ = {isa = PBXBuildFile; fileRef = 8D2DC0271F3C6E96009EDDD0 /* leftmean.txt */; };
		8D37EF4A1F3CEC5300F49B3A /* leftmean.txt in Resources */ = {isa = PBXBuildFile; fileRef = 8D2DC0271F3C6E96009EDDD0 /* leftmean.txt */; };
		8D37EF4B1F3CEC5600F49B3A /* facemean.txt in Resources */ = {isa = PBXBuildFile; fileRef = 8D2DC0251F3C6E96009EDDD0 /* facemean.txt */; };
		8D37EF4C1F3CEC5600F49B3A /* facemean.txt in Resources */ = {isa = PBXBuildFile; fileRef = 8D2DC0251F3C6E96009EDDD0 /* facemean.txt */; };
		8D8C52641F4D518600080D77 /* EyeGazeLogic.swift in Sources */ = {isa = PBXBuildFile; fileRef = 8D8C52631F4D518600080D77 /* EyeGazeLogic.swift */; };
		8D8C52651F4D518600080D77 /* EyeGazeLogic.swift in Sources */ = {isa = PBXBuildFile; fileRef = 8D8C52631F4D518600080D77 /* EyeGazeLogic.swift */; };
/* End PBXBuildFile section */

/* Begin PBXContainerItemProxy section */
		8D0A9AD61F2DE18400E4F62C /* PBXContainerItemProxy */ = {
			isa = PBXContainerItemProxy;
			containerPortal = 8D0A9AB91F2DE18400E4F62C /* Project object */;
			proxyType = 1;
			remoteGlobalIDString = 8D0A9AC01F2DE18400E4F62C;
			remoteInfo = CoreMLTest;
		};
/* End PBXContainerItemProxy section */

/* Begin PBXFileReference section */
		8D0A9AC11F2DE18400E4F62C /* CoreMLTest.app */ = {isa = PBXFileReference; explicitFileType = wrapper.application; includeInIndex = 0; path = CoreMLTest.app; sourceTree = BUILT_PRODUCTS_DIR; };
		8D0A9AC41F2DE18400E4F62C /* AppDelegate.swift */ = {isa = PBXFileReference; lastKnownFileType = sourcecode.swift; path = AppDelegate.swift; sourceTree = "<group>"; };
		8D0A9AC61F2DE18400E4F62C /* ViewController.swift */ = {isa = PBXFileReference; lastKnownFileType = sourcecode.swift; path = ViewController.swift; sourceTree = "<group>"; };
		8D0A9AC91F2DE18400E4F62C /* Base */ = {isa = PBXFileReference; lastKnownFileType = file.storyboard; name = Base; path = Base.lproj/Main.storyboard; sourceTree = "<group>"; };
		8D0A9ACB1F2DE18400E4F62C /* Assets.xcassets */ = {isa = PBXFileReference; lastKnownFileType = folder.assetcatalog; path = Assets.xcassets; sourceTree = "<group>"; };
		8D0A9ACE1F2DE18400E4F62C /* Base */ = {isa = PBXFileReference; lastKnownFileType = file.storyboard; name = Base; path = Base.lproj/LaunchScreen.storyboard; sourceTree = "<group>"; };
		8D0A9AD01F2DE18400E4F62C /* Info.plist */ = {isa = PBXFileReference; lastKnownFileType = text.plist.xml; path = Info.plist; sourceTree = "<group>"; };
		8D0A9AD51F2DE18400E4F62C /* CoreMLTestTests.xctest */ = {isa = PBXFileReference; explicitFileType = wrapper.cfbundle; includeInIndex = 0; path = CoreMLTestTests.xctest; sourceTree = BUILT_PRODUCTS_DIR; };
		8D0A9AD91F2DE18400E4F62C /* CoreMLTestTests.swift */ = {isa = PBXFileReference; lastKnownFileType = sourcecode.swift; path = CoreMLTestTests.swift; sourceTree = "<group>"; };
		8D0A9ADB1F2DE18400E4F62C /* Info.plist */ = {isa = PBXFileReference; lastKnownFileType = text.plist.xml; path = Info.plist; sourceTree = "<group>"; };
		8D11F4031F3E013900A2574D /* CameraController.swift */ = {isa = PBXFileReference; lastKnownFileType = sourcecode.swift; name = CameraController.swift; path = CoreMLTest/CameraController.swift; sourceTree = SOURCE_ROOT; };
		8D20A4641F42E59B00A3ED07 /* CalibrateViewController.swift */ = {isa = PBXFileReference; lastKnownFileType = sourcecode.swift; path = CalibrateViewController.swift; sourceTree = "<group>"; };
		8D28FAB61F61212D00B8818C /* Itracker.mlmodel */ = {isa = PBXFileReference; lastKnownFileType = file.mlmodel; path = Itracker.mlmodel; sourceTree = "<group>"; };
		8D2DC0251F3C6E96009EDDD0 /* facemean.txt */ = {isa = PBXFileReference; lastKnownFileType = text; path = facemean.txt; sourceTree = "<group>"; };
		8D2DC0261F3C6E96009EDDD0 /* rightmean.txt */ = {isa = PBXFileReference; lastKnownFileType = text; path = rightmean.txt; sourceTree = "<group>"; };
		8D2DC0271F3C6E96009EDDD0 /* leftmean.txt */ = {isa = PBXFileReference; lastKnownFileType = text; path = leftmean.txt; sourceTree = "<group>"; };
		8D37EF451F3CEB5700F49B3A /* TestLoadMeanFile.swift */ = {isa = PBXFileReference; lastKnownFileType = sourcecode.swift; path = TestLoadMeanFile.swift; sourceTree = "<group>"; };
		8D8C52631F4D518600080D77 /* EyeGazeLogic.swift */ = {isa = PBXFileReference; lastKnownFileType = sourcecode.swift; path = EyeGazeLogic.swift; sourceTree = "<group>"; };
/* End PBXFileReference section */

/* Begin PBXFrameworksBuildPhase section */
		8D0A9ABE1F2DE18400E4F62C /* Frameworks */ = {
			isa = PBXFrameworksBuildPhase;
			buildActionMask = 2147483647;
			files = (
			);
			runOnlyForDeploymentPostprocessing = 0;
		};
		8D0A9AD21F2DE18400E4F62C /* Frameworks */ = {
			isa = PBXFrameworksBuildPhase;
			buildActionMask = 2147483647;
			files = (
			);
			runOnlyForDeploymentPostprocessing = 0;
		};
/* End PBXFrameworksBuildPhase section */

/* Begin PBXGroup section */
		8D0A9AB81F2DE18400E4F62C = {
			isa = PBXGroup;
			children = (
				8D0A9AC31F2DE18400E4F62C /* CoreMLTest */,
				8D0A9AD81F2DE18400E4F62C /* CoreMLTestTests */,
				8D0A9AC21F2DE18400E4F62C /* Products */,
			);
			sourceTree = "<group>";
		};
		8D0A9AC21F2DE18400E4F62C /* Products */ = {
			isa = PBXGroup;
			children = (
				8D0A9AC11F2DE18400E4F62C /* CoreMLTest.app */,
				8D0A9AD51F2DE18400E4F62C /* CoreMLTestTests.xctest */,
			);
			name = Products;
			sourceTree = "<group>";
		};
		8D0A9AC31F2DE18400E4F62C /* CoreMLTest */ = {
			isa = PBXGroup;
			children = (
				8D11F4041F3E013D00A2574D /* meanFile */,
				8D0A9AC41F2DE18400E4F62C /* AppDelegate.swift */,
				8D11F4031F3E013900A2574D /* CameraController.swift */,
				8D8C52631F4D518600080D77 /* EyeGazeLogic.swift */,
				8D0A9AC61F2DE18400E4F62C /* ViewController.swift */,
				8D28FAB61F61212D00B8818C /* Itracker.mlmodel */,
				8D0A9AC81F2DE18400E4F62C /* Main.storyboard */,
				8D0A9ACB1F2DE18400E4F62C /* Assets.xcassets */,
				8D0A9ACD1F2DE18400E4F62C /* LaunchScreen.storyboard */,
				8D0A9AD01F2DE18400E4F62C /* Info.plist */,
				8D20A4641F42E59B00A3ED07 /* CalibrateViewController.swift */,
			);
			path = CoreMLTest;
			sourceTree = "<group>";
		};
		8D0A9AD81F2DE18400E4F62C /* CoreMLTestTests */ = {
			isa = PBXGroup;
			children = (
				8D0A9AD91F2DE18400E4F62C /* CoreMLTestTests.swift */,
				8D0A9ADB1F2DE18400E4F62C /* Info.plist */,
				8D37EF451F3CEB5700F49B3A /* TestLoadMeanFile.swift */,
			);
			path = CoreMLTestTests;
			sourceTree = "<group>";
		};
		8D11F4041F3E013D00A2574D /* meanFile */ = {
			isa = PBXGroup;
			children = (
				8D2DC0271F3C6E96009EDDD0 /* leftmean.txt */,
				8D2DC0251F3C6E96009EDDD0 /* facemean.txt */,
				8D2DC0261F3C6E96009EDDD0 /* rightmean.txt */,
			);
			path = meanFile;
			sourceTree = "<group>";
		};
/* End PBXGroup section */

/* Begin PBXNativeTarget section */
		8D0A9AC01F2DE18400E4F62C /* CoreMLTest */ = {
			isa = PBXNativeTarget;
			buildConfigurationList = 8D0A9ADE1F2DE18400E4F62C /* Build configuration list for PBXNativeTarget "CoreMLTest" */;
			buildPhases = (
				8D0A9ABD1F2DE18400E4F62C /* Sources */,
				8D0A9ABE1F2DE18400E4F62C /* Frameworks */,
				8D0A9ABF1F2DE18400E4F62C /* Resources */,
			);
			buildRules = (
			);
			dependencies = (
			);
			name = CoreMLTest;
			productName = CoreMLTest;
			productReference = 8D0A9AC11F2DE18400E4F62C /* CoreMLTest.app */;
			productType = "com.apple.product-type.application";
		};
		8D0A9AD41F2DE18400E4F62C /* CoreMLTestTests */ = {
			isa = PBXNativeTarget;
			buildConfigurationList = 8D0A9AE11F2DE18400E4F62C /* Build configuration list for PBXNativeTarget "CoreMLTestTests" */;
			buildPhases = (
				8D0A9AD11F2DE18400E4F62C /* Sources */,
				8D0A9AD21F2DE18400E4F62C /* Frameworks */,
				8D0A9AD31F2DE18400E4F62C /* Resources */,
			);
			buildRules = (
			);
			dependencies = (
				8D0A9AD71F2DE18400E4F62C /* PBXTargetDependency */,
			);
			name = CoreMLTestTests;
			productName = CoreMLTestTests;
			productReference = 8D0A9AD51F2DE18400E4F62C /* CoreMLTestTests.xctest */;
			productType = "com.apple.product-type.bundle.unit-test";
		};
/* End PBXNativeTarget section */

/* Begin PBXProject section */
		8D0A9AB91F2DE18400E4F62C /* Project object */ = {
			isa = PBXProject;
			attributes = {
				LastSwiftUpdateCheck = 0900;
				LastUpgradeCheck = 0900;
				ORGANIZATIONNAME = "Supphawit Getmark";
				TargetAttributes = {
					8D0A9AC01F2DE18400E4F62C = {
						CreatedOnToolsVersion = 9.0;
					};
					8D0A9AD41F2DE18400E4F62C = {
						CreatedOnToolsVersion = 9.0;
						TestTargetID = 8D0A9AC01F2DE18400E4F62C;
					};
				};
			};
			buildConfigurationList = 8D0A9ABC1F2DE18400E4F62C /* Build configuration list for PBXProject "CoreMLTest" */;
			compatibilityVersion = "Xcode 8.0";
			developmentRegion = en;
			hasScannedForEncodings = 0;
			knownRegions = (
				en,
				Base,
			);
			mainGroup = 8D0A9AB81F2DE18400E4F62C;
			productRefGroup = 8D0A9AC21F2DE18400E4F62C /* Products */;
			projectDirPath = "";
			projectRoot = "";
			targets = (
				8D0A9AC01F2DE18400E4F62C /* CoreMLTest */,
				8D0A9AD41F2DE18400E4F62C /* CoreMLTestTests */,
			);
		};
/* End PBXProject section */

/* Begin PBXResourcesBuildPhase section */
		8D0A9ABF1F2DE18400E4F62C /* Resources */ = {
			isa = PBXResourcesBuildPhase;
			buildActionMask = 2147483647;
			files = (
				8D37EF4C1F3CEC5600F49B3A /* facemean.txt in Resources */,
				8D0A9ACF1F2DE18400E4F62C /* LaunchScreen.storyboard in Resources */,
				8D0A9ACC1F2DE18400E4F62C /* Assets.xcassets in Resources */,
				8D37EF471F3CEC4F00F49B3A /* rightmean.txt in Resources */,
				8D0A9ACA1F2DE18400E4F62C /* Main.storyboard in Resources */,
				8D37EF4A1F3CEC5300F49B3A /* leftmean.txt in Resources */,
			);
			runOnlyForDeploymentPostprocessing = 0;
		};
		8D0A9AD31F2DE18400E4F62C /* Resources */ = {
			isa = PBXResourcesBuildPhase;
			buildActionMask = 2147483647;
			files = (
				8D37EF4B1F3CEC5600F49B3A /* facemean.txt in Resources */,
				8D37EF491F3CEC5300F49B3A /* leftmean.txt in Resources */,
				8D37EF481F3CEC4F00F49B3A /* rightmean.txt in Resources */,
			);
			runOnlyForDeploymentPostprocessing = 0;
		};
/* End PBXResourcesBuildPhase section */

/* Begin PBXSourcesBuildPhase section */
		8D0A9ABD1F2DE18400E4F62C /* Sources */ = {
			isa = PBXSourcesBuildPhase;
			buildActionMask = 2147483647;
			files = (
				8D0A9AC71F2DE18400E4F62C /* ViewController.swift in Sources */,
				8D0A9AC51F2DE18400E4F62C /* AppDelegate.swift in Sources */,
				8D20A4651F42E59B00A3ED07 /* CalibrateViewController.swift in Sources */,
				8D28FAB71F61212D00B8818C /* Itracker.mlmodel in Sources */,
				8D8C52641F4D518600080D77 /* EyeGazeLogic.swift in Sources */,
				8D11F4051F3E014E00A2574D /* CameraController.swift in Sources */,
			);
			runOnlyForDeploymentPostprocessing = 0;
		};
		8D0A9AD11F2DE18400E4F62C /* Sources */ = {
			isa = PBXSourcesBuildPhase;
			buildActionMask = 2147483647;
			files = (
				8D37EF461F3CEB5700F49B3A /* TestLoadMeanFile.swift in Sources */,
				8D8C52651F4D518600080D77 /* EyeGazeLogic.swift in Sources */,
				8D0A9ADA1F2DE18400E4F62C /* CoreMLTestTests.swift in Sources */,
				8D20A4661F42E59B00A3ED07 /* CalibrateViewController.swift in Sources */,
			);
			runOnlyForDeploymentPostprocessing = 0;
		};
/* End PBXSourcesBuildPhase section */

/* Begin PBXTargetDependency section */
		8D0A9AD71F2DE18400E4F62C /* PBXTargetDependency */ = {
			isa = PBXTargetDependency;
			target = 8D0A9AC01F2DE18400E4F62C /* CoreMLTest */;
			targetProxy = 8D0A9AD61F2DE18400E4F62C /* PBXContainerItemProxy */;
		};
/* End PBXTargetDependency section */

/* Begin PBXVariantGroup section */
		8D0A9AC81F2DE18400E4F62C /* Main.storyboard */ = {
			isa = PBXVariantGroup;
			children = (
				8D0A9AC91F2DE18400E4F62C /* Base */,
			);
			name = Main.storyboard;
			sourceTree = "<group>";
		};
		8D0A9ACD1F2DE18400E4F62C /* LaunchScreen.storyboard */ = {
			isa = PBXVariantGroup;
			children = (
				8D0A9ACE1F2DE18400E4F62C /* Base */,
			);
			name = LaunchScreen.storyboard;
			sourceTree = "<group>";
		};
/* End PBXVariantGroup section */

/* Begin XCBuildConfiguration section */
		8D0A9ADC1F2DE18400E4F62C /* Debug */ = {
			isa = XCBuildConfiguration;
			buildSettings = {
				ALWAYS_SEARCH_USER_PATHS = NO;
				CLANG_ANALYZER_NONNULL = YES;
				CLANG_ANALYZER_NUMBER_OBJECT_CONVERSION = YES_AGGRESSIVE;
				CLANG_CXX_LANGUAGE_STANDARD = "gnu++14";
				CLANG_CXX_LIBRARY = "libc++";
				CLANG_ENABLE_MODULES = YES;
				CLANG_ENABLE_OBJC_ARC = YES;
				CLANG_WARN_BLOCK_CAPTURE_AUTORELEASING = YES;
				CLANG_WARN_BOOL_CONVERSION = YES;
				CLANG_WARN_COMMA = YES;
				CLANG_WARN_CONSTANT_CONVERSION = YES;
				CLANG_WARN_DIRECT_OBJC_ISA_USAGE = YES_ERROR;
				CLANG_WARN_DOCUMENTATION_COMMENTS = YES;
				CLANG_WARN_EMPTY_BODY = YES;
				CLANG_WARN_ENUM_CONVERSION = YES;
				CLANG_WARN_INFINITE_RECURSION = YES;
				CLANG_WARN_INT_CONVERSION = YES;
				CLANG_WARN_NON_LITERAL_NULL_CONVERSION = YES;
				CLANG_WARN_OBJC_LITERAL_CONVERSION = YES;
				CLANG_WARN_OBJC_ROOT_CLASS = YES_ERROR;
				CLANG_WARN_RANGE_LOOP_ANALYSIS = YES;
				CLANG_WARN_STRICT_PROTOTYPES = YES;
				CLANG_WARN_SUSPICIOUS_MOVE = YES;
				CLANG_WARN_UNGUARDED_AVAILABILITY = YES_AGGRESSIVE;
				CLANG_WARN_UNREACHABLE_CODE = YES;
				CLANG_WARN__DUPLICATE_METHOD_MATCH = YES;
				CODE_SIGN_IDENTITY = "iPhone Developer";
				COPY_PHASE_STRIP = NO;
				DEBUG_INFORMATION_FORMAT = dwarf;
				ENABLE_STRICT_OBJC_MSGSEND = YES;
				ENABLE_TESTABILITY = YES;
				GCC_C_LANGUAGE_STANDARD = gnu11;
				GCC_DYNAMIC_NO_PIC = NO;
				GCC_NO_COMMON_BLOCKS = YES;
				GCC_OPTIMIZATION_LEVEL = 0;
				GCC_PREPROCESSOR_DEFINITIONS = (
					"DEBUG=1",
					"$(inherited)",
				);
				GCC_WARN_64_TO_32_BIT_CONVERSION = YES;
				GCC_WARN_ABOUT_RETURN_TYPE = YES_ERROR;
				GCC_WARN_UNDECLARED_SELECTOR = YES;
				GCC_WARN_UNINITIALIZED_AUTOS = YES_AGGRESSIVE;
				GCC_WARN_UNUSED_FUNCTION = YES;
				GCC_WARN_UNUSED_VARIABLE = YES;
				IPHONEOS_DEPLOYMENT_TARGET = 11.0;
				MTL_ENABLE_DEBUG_INFO = YES;
				ONLY_ACTIVE_ARCH = YES;
				SDKROOT = iphoneos;
				SWIFT_ACTIVE_COMPILATION_CONDITIONS = DEBUG;
				SWIFT_OPTIMIZATION_LEVEL = "-Onone";
			};
			name = Debug;
		};
		8D0A9ADD1F2DE18400E4F62C /* Release */ = {
			isa = XCBuildConfiguration;
			buildSettings = {
				ALWAYS_SEARCH_USER_PATHS = NO;
				CLANG_ANALYZER_NONNULL = YES;
				CLANG_ANALYZER_NUMBER_OBJECT_CONVERSION = YES_AGGRESSIVE;
				CLANG_CXX_LANGUAGE_STANDARD = "gnu++14";
				CLANG_CXX_LIBRARY = "libc++";
				CLANG_ENABLE_MODULES = YES;
				CLANG_ENABLE_OBJC_ARC = YES;
				CLANG_WARN_BLOCK_CAPTURE_AUTORELEASING = YES;
				CLANG_WARN_BOOL_CONVERSION = YES;
				CLANG_WARN_COMMA = YES;
				CLANG_WARN_CONSTANT_CONVERSION = YES;
				CLANG_WARN_DIRECT_OBJC_ISA_USAGE = YES_ERROR;
				CLANG_WARN_DOCUMENTATION_COMMENTS = YES;
				CLANG_WARN_EMPTY_BODY = YES;
				CLANG_WARN_ENUM_CONVERSION = YES;
				CLANG_WARN_INFINITE_RECURSION = YES;
				CLANG_WARN_INT_CONVERSION = YES;
				CLANG_WARN_NON_LITERAL_NULL_CONVERSION = YES;
				CLANG_WARN_OBJC_LITERAL_CONVERSION = YES;
				CLANG_WARN_OBJC_ROOT_CLASS = YES_ERROR;
				CLANG_WARN_RANGE_LOOP_ANALYSIS = YES;
				CLANG_WARN_STRICT_PROTOTYPES = YES;
				CLANG_WARN_SUSPICIOUS_MOVE = YES;
				CLANG_WARN_UNGUARDED_AVAILABILITY = YES_AGGRESSIVE;
				CLANG_WARN_UNREACHABLE_CODE = YES;
				CLANG_WARN__DUPLICATE_METHOD_MATCH = YES;
				CODE_SIGN_IDENTITY = "iPhone Developer";
				COPY_PHASE_STRIP = NO;
				DEBUG_INFORMATION_FORMAT = "dwarf-with-dsym";
				ENABLE_NS_ASSERTIONS = NO;
				ENABLE_STRICT_OBJC_MSGSEND = YES;
				GCC_C_LANGUAGE_STANDARD = gnu11;
				GCC_NO_COMMON_BLOCKS = YES;
				GCC_WARN_64_TO_32_BIT_CONVERSION = YES;
				GCC_WARN_ABOUT_RETURN_TYPE = YES_ERROR;
				GCC_WARN_UNDECLARED_SELECTOR = YES;
				GCC_WARN_UNINITIALIZED_AUTOS = YES_AGGRESSIVE;
				GCC_WARN_UNUSED_FUNCTION = YES;
				GCC_WARN_UNUSED_VARIABLE = YES;
				IPHONEOS_DEPLOYMENT_TARGET = 11.0;
				MTL_ENABLE_DEBUG_INFO = NO;
				SDKROOT = iphoneos;
				SWIFT_OPTIMIZATION_LEVEL = "-Owholemodule";
				VALIDATE_PRODUCT = YES;
			};
			name = Release;
		};
		8D0A9ADF1F2DE18400E4F62C /* Debug */ = {
			isa = XCBuildConfiguration;
			buildSettings = {
				ASSETCATALOG_COMPILER_APPICON_NAME = AppIcon;
				DEVELOPMENT_TEAM = EQHBA3445S;
				INFOPLIST_FILE = CoreMLTest/Info.plist;
				IPHONEOS_DEPLOYMENT_TARGET = 10.0;
				LD_RUNPATH_SEARCH_PATHS = "$(inherited) @executable_path/Frameworks";
				PRODUCT_BUNDLE_IDENTIFIER = kmitl.CoreMLTest;
				PRODUCT_NAME = "$(TARGET_NAME)";
				SWIFT_VERSION = 4.0;
				TARGETED_DEVICE_FAMILY = "1,2";
			};
			name = Debug;
		};
		8D0A9AE01F2DE18400E4F62C /* Release */ = {
			isa = XCBuildConfiguration;
			buildSettings = {
				ASSETCATALOG_COMPILER_APPICON_NAME = AppIcon;
				DEVELOPMENT_TEAM = EQHBA3445S;
				INFOPLIST_FILE = CoreMLTest/Info.plist;
				IPHONEOS_DEPLOYMENT_TARGET = 10.0;
				LD_RUNPATH_SEARCH_PATHS = "$(inherited) @executable_path/Frameworks";
				PRODUCT_BUNDLE_IDENTIFIER = kmitl.CoreMLTest;
				PRODUCT_NAME = "$(TARGET_NAME)";
				SWIFT_VERSION = 4.0;
				TARGETED_DEVICE_FAMILY = "1,2";
			};
			name = Release;
		};
		8D0A9AE21F2DE18400E4F62C /* Debug */ = {
			isa = XCBuildConfiguration;
			buildSettings = {
				ALWAYS_EMBED_SWIFT_STANDARD_LIBRARIES = YES;
				BUNDLE_LOADER = "$(TEST_HOST)";
				DEVELOPMENT_TEAM = EQHBA3445S;
				INFOPLIST_FILE = CoreMLTestTests/Info.plist;
				IPHONEOS_DEPLOYMENT_TARGET = 11.0;
				LD_RUNPATH_SEARCH_PATHS = "$(inherited) @executable_path/Frameworks @loader_path/Frameworks";
				PRODUCT_BUNDLE_IDENTIFIER = kmitl.CoreMLTestTests;
				PRODUCT_NAME = "$(TARGET_NAME)";
				SDKROOT = iphoneos;
				SWIFT_VERSION = 4.0;
				TARGETED_DEVICE_FAMILY = "1,2";
				TEST_HOST = "$(BUILT_PRODUCTS_DIR)/CoreMLTest.app/CoreMLTest";
			};
			name = Debug;
		};
		8D0A9AE31F2DE18400E4F62C /* Release */ = {
			isa = XCBuildConfiguration;
			buildSettings = {
				ALWAYS_EMBED_SWIFT_STANDARD_LIBRARIES = YES;
				BUNDLE_LOADER = "$(TEST_HOST)";
				DEVELOPMENT_TEAM = EQHBA3445S;
				INFOPLIST_FILE = CoreMLTestTests/Info.plist;
				IPHONEOS_DEPLOYMENT_TARGET = 11.0;
				LD_RUNPATH_SEARCH_PATHS = "$(inherited) @executable_path/Frameworks @loader_path/Frameworks";
				PRODUCT_BUNDLE_IDENTIFIER = kmitl.CoreMLTestTests;
				PRODUCT_NAME = "$(TARGET_NAME)";
				SDKROOT = iphoneos;
				SWIFT_VERSION = 4.0;
				TARGETED_DEVICE_FAMILY = "1,2";
				TEST_HOST = "$(BUILT_PRODUCTS_DIR)/CoreMLTest.app/CoreMLTest";
			};
			name = Release;
		};
/* End XCBuildConfiguration section */

/* Begin XCConfigurationList section */
		8D0A9ABC1F2DE18400E4F62C /* Build configuration list for PBXProject "CoreMLTest" */ = {
			isa = XCConfigurationList;
			buildConfigurations = (
				8D0A9ADC1F2DE18400E4F62C /* Debug */,
				8D0A9ADD1F2DE18400E4F62C /* Release */,
			);
			defaultConfigurationIsVisible = 0;
			defaultConfigurationName = Release;
		};
		8D0A9ADE1F2DE18400E4F62C /* Build configuration list for PBXNativeTarget "CoreMLTest" */ = {
			isa = XCConfigurationList;
			buildConfigurations = (
				8D0A9ADF1F2DE18400E4F62C /* Debug */,
				8D0A9AE01F2DE18400E4F62C /* Release */,
			);
			defaultConfigurationIsVisible = 0;
			defaultConfigurationName = Release;
		};
		8D0A9AE11F2DE18400E4F62C /* Build configuration list for PBXNativeTarget "CoreMLTestTests" */ = {
			isa = XCConfigurationList;
			buildConfigurations = (
				8D0A9AE21F2DE18400E4F62C /* Debug */,
				8D0A9AE31F2DE18400E4F62C /* Release */,
			);
			defaultConfigurationIsVisible = 0;
			defaultConfigurationName = Release;
		};
/* End XCConfigurationList section */
	};
	rootObject = 8D0A9AB91F2DE18400E4F62C /* Project object */;
}
